
Microsoft Visual Studio Solution File, Format Version 12.00
# Visual Studio Version 16
VisualStudioVersion = 16.0.30128.74
MinimumVisualStudioVersion = 16
Project("{9A19103F-16F7-4668-BE54-9A1E7A4F7556}") = "AkkaAnalyzer", "AkkaAnalyzer\AkkaAnalyzer.csproj", "{BE1C71EA-7207-4D8D-8B27-EBA6F4CC82D0}"
EndProject
Project("{FAE04EC0-301F-11D3-BF4B-00C04F79EFBC}") = "AkkaAnalyzerReport", "AkkaAnalyzerReport\AkkaAnalyzerReport.csproj", "{A08B18EC-7786-4BB7-941D-B6353EDC2DA9}"
EndProject
Global
	GlobalSection(SolutionConfigurationPlatforms) = preSolution
		Debug|Any CPU = Debug|Any CPU
		Debug|x64 = Debug|x64
		Debug|x86 = Debug|x86
		Release|Any CPU = Release|Any CPU
		Release|x64 = Release|x64
		Release|x86 = Release|x86
	EndGlobalSection
	GlobalSection(ProjectConfigurationPlatforms) = postSolution
		{BE1C71EA-7207-4D8D-8B27-EBA6F4CC82D0}.Debug|Any CPU.ActiveCfg = Debug|Any CPU
		{BE1C71EA-7207-4D8D-8B27-EBA6F4CC82D0}.Debug|Any CPU.Build.0 = Debug|Any CPU
		{BE1C71EA-7207-4D8D-8B27-EBA6F4CC82D0}.Debug|x64.ActiveCfg = Debug|Any CPU
		{BE1C71EA-7207-4D8D-8B27-EBA6F4CC82D0}.Debug|x64.Build.0 = Debug|Any CPU
		{BE1C71EA-7207-4D8D-8B27-EBA6F4CC82D0}.Debug|x86.ActiveCfg = Debug|Any CPU
		{BE1C71EA-7207-4D8D-8B27-EBA6F4CC82D0}.Debug|x86.Build.0 = Debug|Any CPU
		{BE1C71EA-7207-4D8D-8B27-EBA6F4CC82D0}.Release|Any CPU.ActiveCfg = Release|Any CPU
		{BE1C71EA-7207-4D8D-8B27-EBA6F4CC82D0}.Release|Any CPU.Build.0 = Release|Any CPU
		{BE1C71EA-7207-4D8D-8B27-EBA6F4CC82D0}.Release|x64.ActiveCfg = Release|Any CPU
		{BE1C71EA-7207-4D8D-8B27-EBA6F4CC82D0}.Release|x64.Build.0 = Release|Any CPU
		{BE1C71EA-7207-4D8D-8B27-EBA6F4CC82D0}.Release|x86.ActiveCfg = Release|Any CPU
		{BE1C71EA-7207-4D8D-8B27-EBA6F4CC82D0}.Release|x86.Build.0 = Release|Any CPU
		{A08B18EC-7786-4BB7-941D-B6353EDC2DA9}.Debug|Any CPU.ActiveCfg = Debug|Any CPU
		{A08B18EC-7786-4BB7-941D-B6353EDC2DA9}.Debug|Any CPU.Build.0 = Debug|Any CPU
		{A08B18EC-7786-4BB7-941D-B6353EDC2DA9}.Debug|x64.ActiveCfg = Debug|Any CPU
		{A08B18EC-7786-4BB7-941D-B6353EDC2DA9}.Debug|x64.Build.0 = Debug|Any CPU
		{A08B18EC-7786-4BB7-941D-B6353EDC2DA9}.Debug|x86.ActiveCfg = Debug|Any CPU
		{A08B18EC-7786-4BB7-941D-B6353EDC2DA9}.Debug|x86.Build.0 = Debug|Any CPU
		{A08B18EC-7786-4BB7-941D-B6353EDC2DA9}.Release|Any CPU.ActiveCfg = Release|Any CPU
		{A08B18EC-7786-4BB7-941D-B6353EDC2DA9}.Release|Any CPU.Build.0 = Release|Any CPU
		{A08B18EC-7786-4BB7-941D-B6353EDC2DA9}.Release|x64.ActiveCfg = Release|Any CPU
		{A08B18EC-7786-4BB7-941D-B6353EDC2DA9}.Release|x64.Build.0 = Release|Any CPU
		{A08B18EC-7786-4BB7-941D-B6353EDC2DA9}.Release|x86.ActiveCfg = Release|Any CPU
		{A08B18EC-7786-4BB7-941D-B6353EDC2DA9}.Release|x86.Build.0 = Release|Any CPU
	EndGlobalSection
	GlobalSection(SolutionProperties) = preSolution
		HideSolutionNode = FALSE
	EndGlobalSection
	GlobalSection(ExtensibilityGlobals) = postSolution
		SolutionGuid = {466766FE-4F84-47DA-BA04-EB9B3E2C620B}
	EndGlobalSection
EndGlobal
